
Microsoft Visual Studio Solution File, Format Version 12.00
# Visual Studio Version 17
VisualStudioVersion = 17.14.36401.2
MinimumVisualStudioVersion = 10.0.40219.1
Project("{FAE04EC0-301F-11D3-BF4B-00C04F79EFBC}") = "Restaurant.Domain", "Restaurant.Domain\Restaurant.Domain.csproj", "{5A5F3535-3809-4721-AB6B-51D439DC5103}"
EndProject
Project("{FAE04EC0-301F-11D3-BF4B-00C04F79EFBC}") = "Restaurant.Repository", "Restaurant.Repository\Restaurant.Repository.csproj", "{01A4DF40-CD3F-44C7-9C0B-8D4FBD412A64}"
EndProject
Project("{FAE04EC0-301F-11D3-BF4B-00C04F79EFBC}") = "Restaurant.Service", "Restaurant.Service\Restaurant.Service.csproj", "{C1E61423-BA09-423C-95DE-012F9F69122C}"
EndProject
Project("{FAE04EC0-301F-11D3-BF4B-00C04F79EFBC}") = "Restaurant.App", "Restaurant.App\Restaurant.App.csproj", "{E30CF0A3-6E53-4BBC-847D-51A5B8B40344}"
EndProject
Global
	GlobalSection(SolutionConfigurationPlatforms) = preSolution
		Debug|Any CPU = Debug|Any CPU
		Release|Any CPU = Release|Any CPU
	EndGlobalSection
	GlobalSection(ProjectConfigurationPlatforms) = postSolution
		{5A5F3535-3809-4721-AB6B-51D439DC5103}.Debug|Any CPU.ActiveCfg = Debug|Any CPU
		{5A5F3535-3809-4721-AB6B-51D439DC5103}.Debug|Any CPU.Build.0 = Debug|Any CPU
		{5A5F3535-3809-4721-AB6B-51D439DC5103}.Release|Any CPU.ActiveCfg = Release|Any CPU
		{5A5F3535-3809-4721-AB6B-51D439DC5103}.Release|Any CPU.Build.0 = Release|Any CPU
		{01A4DF40-CD3F-44C7-9C0B-8D4FBD412A64}.Debug|Any CPU.ActiveCfg = Debug|Any CPU
		{01A4DF40-CD3F-44C7-9C0B-8D4FBD412A64}.Debug|Any CPU.Build.0 = Debug|Any CPU
		{01A4DF40-CD3F-44C7-9C0B-8D4FBD412A64}.Release|Any CPU.ActiveCfg = Release|Any CPU
		{01A4DF40-CD3F-44C7-9C0B-8D4FBD412A64}.Release|Any CPU.Build.0 = Release|Any CPU
		{C1E61423-BA09-423C-95DE-012F9F69122C}.Debug|Any CPU.ActiveCfg = Debug|Any CPU
		{C1E61423-BA09-423C-95DE-012F9F69122C}.Debug|Any CPU.Build.0 = Debug|Any CPU
		{C1E61423-BA09-423C-95DE-012F9F69122C}.Release|Any CPU.ActiveCfg = Release|Any CPU
		{C1E61423-BA09-423C-95DE-012F9F69122C}.Release|Any CPU.Build.0 = Release|Any CPU
		{E30CF0A3-6E53-4BBC-847D-51A5B8B40344}.Debug|Any CPU.ActiveCfg = Debug|Any CPU
		{E30CF0A3-6E53-4BBC-847D-51A5B8B40344}.Debug|Any CPU.Build.0 = Debug|Any CPU
		{E30CF0A3-6E53-4BBC-847D-51A5B8B40344}.Release|Any CPU.ActiveCfg = Release|Any CPU
		{E30CF0A3-6E53-4BBC-847D-51A5B8B40344}.Release|Any CPU.Build.0 = Release|Any CPU
	EndGlobalSection
	GlobalSection(SolutionProperties) = preSolution
		HideSolutionNode = FALSE
	EndGlobalSection
	GlobalSection(ExtensibilityGlobals) = postSolution
		SolutionGuid = {4D8A2150-5B0F-45D4-A7B8-AE95D08EE1A1}
	EndGlobalSection
EndGlobal
